
Microsoft Visual Studio Solution File, Format Version 12.00
# Visual Studio Version 17
VisualStudioVersion = 17.4.33122.133
MinimumVisualStudioVersion = 10.0.40219.1
Project("{2150E333-8FDC-42A3-9474-1A3956D46DE8}") = "tests", "tests", "{22F7EF40-C77C-4AF0-8C1E-500EA6B85496}"
EndProject
Project("{2150E333-8FDC-42A3-9474-1A3956D46DE8}") = "backend", "backend", "{75AE8F7B-B980-48AE-8518-073830FA6471}"
EndProject
Project("{9A19103F-16F7-4668-BE54-9A1E7A4F7556}") = "EdFi.DataManagementService.Backend", "backend\EdFi.DataManagementService.Backend\EdFi.DataManagementService.Backend.csproj", "{82EA8DF4-4DDB-4944-AF0D-60B7C784FB30}"
EndProject
Project("{9A19103F-16F7-4668-BE54-9A1E7A4F7556}") = "EdFi.DataManagementService.Backend.Mssql", "backend\EdFi.DataManagementService.Backend.Mssql\EdFi.DataManagementService.Backend.Mssql.csproj", "{0146B374-35C4-4191-9D09-3CDDC4ABCA2F}"
EndProject
Project("{9A19103F-16F7-4668-BE54-9A1E7A4F7556}") = "EdFi.DataManagementService.Backend.Postgresql", "backend\EdFi.DataManagementService.Backend.Postgresql\EdFi.DataManagementService.Backend.Postgresql.csproj", "{3B8DB16B-0A35-4565-B8CA-73DE662424BC}"
EndProject
Project("{9A19103F-16F7-4668-BE54-9A1E7A4F7556}") = "EdFi.DataManagementService.Backend.Installer", "backend\EdFi.DataManagementService.Backend.Installer\EdFi.DataManagementService.Backend.Installer.csproj", "{0D987657-9907-4385-BE24-580FE42C9E06}"
EndProject
Project("{2150E333-8FDC-42A3-9474-1A3956D46DE8}") = "frontend", "frontend", "{5B7BB270-905C-4D2F-BD3C-3374707FE1E3}"
EndProject
Project("{9A19103F-16F7-4668-BE54-9A1E7A4F7556}") = "EdFi.DataManagementService.Frontend.AspNetCore", "frontend\EdFi.DataManagementService.Frontend.AspNetCore\EdFi.DataManagementService.Frontend.AspNetCore.csproj", "{53914CA2-E0E6-4D84-8899-D9C5CE40AA76}"
EndProject
Project("{2150E333-8FDC-42A3-9474-1A3956D46DE8}") = "core", "core", "{71E181BF-2E72-45F2-9DAD-6B1D18FAD164}"
EndProject
Project("{9A19103F-16F7-4668-BE54-9A1E7A4F7556}") = "EdFi.DataManagementService.Core", "core\EdFi.DataManagementService.Core\EdFi.DataManagementService.Core.csproj", "{AF9E2120-206E-4318-8A2B-2DB798D39C4D}"
EndProject
Project("{9A19103F-16F7-4668-BE54-9A1E7A4F7556}") = "EdFi.DataManagementService.Frontend.AspNetCore.Tests.Unit", "frontend\EdFi.DataManagementService.Frontend.AspNetCore.Tests.Unit\EdFi.DataManagementService.Frontend.AspNetCore.Tests.Unit.csproj", "{3B14F0A6-E2BB-411D-B31F-9C0B44C8ABE9}"
EndProject
Project("{9A19103F-16F7-4668-BE54-9A1E7A4F7556}") = "EdFi.DataManagementService.Core.Tests.Unit", "core\EdFi.DataManagementService.Core.Tests.Unit\EdFi.DataManagementService.Core.Tests.Unit.csproj", "{2C4790A3-B411-4F46-9428-832406A9D54E}"
EndProject
Project("{9A19103F-16F7-4668-BE54-9A1E7A4F7556}") = "EdFi.DataManagementService.Core.External", "core\EdFi.DataManagementService.Core.External\EdFi.DataManagementService.Core.External.csproj", "{798D160F-28A2-4194-9655-440FCCA0EF36}"
EndProject
Project("{9A19103F-16F7-4668-BE54-9A1E7A4F7556}") = "EdFi.DataManagementService.Backend.Tests.Unit", "backend\EdFi.DataManagementService.Backend.Tests.Unit\EdFi.DataManagementService.Backend.Tests.Unit.csproj", "{340743A7-5BEC-4FEF-BD4C-F7C35BE7CBA2}"
EndProject
Project("{2150E333-8FDC-42A3-9474-1A3956D46DE8}") = "Solution Items", "Solution Items", "{D64FF6F6-BABC-4405-AF8C-24512E7FC7BE}"
	ProjectSection(SolutionItems) = preProject
		Directory.Packages.props = Directory.Packages.props
	EndProjectSection
EndProject
Project("{9A19103F-16F7-4668-BE54-9A1E7A4F7556}") = "EdFi.DataManagementService.Tests.E2E", "tests\EdFi.DataManagementService.Tests.E2E\EdFi.DataManagementService.Tests.E2E.csproj", "{F45D8E74-55D2-47CB-8DE7-A925AA51B707}"
EndProject
Project("{9A19103F-16F7-4668-BE54-9A1E7A4F7556}") = "EdFi.InstanceManagement.Tests.E2E", "tests\EdFi.InstanceManagement.Tests.E2E\EdFi.InstanceManagement.Tests.E2E.csproj", "{A8B2C3D4-E5F6-7890-1234-567890ABCDEF}"
EndProject
Project("{2150E333-8FDC-42A3-9474-1A3956D46DE8}") = "clis", "clis", "{2B193382-DF21-4223-888A-CE5CD3B52C25}"
EndProject
Project("{9A19103F-16F7-4668-BE54-9A1E7A4F7556}") = "EdFi.DataManagementService.OpenApiGenerator", "clis\EdFi.DataManagementService.OpenApiGenerator\EdFi.DataManagementService.OpenApiGenerator.csproj", "{DEC28148-EEEE-4C24-A592-188CEDF7EB06}"
EndProject
Project("{9A19103F-16F7-4668-BE54-9A1E7A4F7556}") = "EdFi.DataManagementService.ApiSchemaDownloader", "clis\EdFi.DataManagementService.ApiSchemaDownloader\EdFi.DataManagementService.ApiSchemaDownloader.csproj", "{32543B56-14B6-44A9-9EC0-6CB8329B0867}"
EndProject
Project("{9A19103F-16F7-4668-BE54-9A1E7A4F7556}") = "EdFi.DataManagementService.ApiSchemaDownloader.Tests.Integration", "clis\EdFi.DataManagementService.ApiSchemaDownloader.Tests.Integration\EdFi.DataManagementService.ApiSchemaDownloader.Tests.Integration.csproj", "{CEACE0CE-FE27-4039-9F30-F585B418FCEB}"
EndProject
Project("{9A19103F-16F7-4668-BE54-9A1E7A4F7556}") = "EdFi.DataManagementService.OpenApiGenerator.Tests.Integration", "clis\EdFi.DataManagementService.OpenApiGenerator.Tests.Integration\EdFi.DataManagementService.OpenApiGenerator.Tests.Integration.csproj", "{116E8864-FF2F-B2C0-8009-741468CA9346}"
EndProject
Project("{9A19103F-16F7-4668-BE54-9A1E7A4F7556}") = "EdFi.DataManagementService.Backend.Postgresql.Tests.Integration", "backend\EdFi.DataManagementService.Backend.Postgresql.Tests.Integration\EdFi.DataManagementService.Backend.Postgresql.Tests.Integration.csproj", "{30E62A03-302F-95A5-32B8-E2D4D5E0A3AC}"
EndProject
Global
	GlobalSection(SolutionConfigurationPlatforms) = preSolution
		Debug|Any CPU = Debug|Any CPU
		Release|Any CPU = Release|Any CPU
	EndGlobalSection
	GlobalSection(ProjectConfigurationPlatforms) = postSolution
		{82EA8DF4-4DDB-4944-AF0D-60B7C784FB30}.Debug|Any CPU.ActiveCfg = Debug|Any CPU
		{82EA8DF4-4DDB-4944-AF0D-60B7C784FB30}.Debug|Any CPU.Build.0 = Debug|Any CPU
		{82EA8DF4-4DDB-4944-AF0D-60B7C784FB30}.Release|Any CPU.ActiveCfg = Release|Any CPU
		{82EA8DF4-4DDB-4944-AF0D-60B7C784FB30}.Release|Any CPU.Build.0 = Release|Any CPU
		{0146B374-35C4-4191-9D09-3CDDC4ABCA2F}.Debug|Any CPU.ActiveCfg = Debug|Any CPU
		{0146B374-35C4-4191-9D09-3CDDC4ABCA2F}.Debug|Any CPU.Build.0 = Debug|Any CPU
		{0146B374-35C4-4191-9D09-3CDDC4ABCA2F}.Release|Any CPU.ActiveCfg = Release|Any CPU
		{0146B374-35C4-4191-9D09-3CDDC4ABCA2F}.Release|Any CPU.Build.0 = Release|Any CPU
		{3B8DB16B-0A35-4565-B8CA-73DE662424BC}.Debug|Any CPU.ActiveCfg = Debug|Any CPU
		{3B8DB16B-0A35-4565-B8CA-73DE662424BC}.Debug|Any CPU.Build.0 = Debug|Any CPU
		{3B8DB16B-0A35-4565-B8CA-73DE662424BC}.Release|Any CPU.ActiveCfg = Release|Any CPU
		{3B8DB16B-0A35-4565-B8CA-73DE662424BC}.Release|Any CPU.Build.0 = Release|Any CPU
		{0D987657-9907-4385-BE24-580FE42C9E06}.Debug|Any CPU.ActiveCfg = Debug|Any CPU
		{0D987657-9907-4385-BE24-580FE42C9E06}.Debug|Any CPU.Build.0 = Debug|Any CPU
		{0D987657-9907-4385-BE24-580FE42C9E06}.Release|Any CPU.ActiveCfg = Release|Any CPU
		{0D987657-9907-4385-BE24-580FE42C9E06}.Release|Any CPU.Build.0 = Release|Any CPU
		{53914CA2-E0E6-4D84-8899-D9C5CE40AA76}.Debug|Any CPU.ActiveCfg = Debug|Any CPU
		{53914CA2-E0E6-4D84-8899-D9C5CE40AA76}.Debug|Any CPU.Build.0 = Debug|Any CPU
		{53914CA2-E0E6-4D84-8899-D9C5CE40AA76}.Release|Any CPU.ActiveCfg = Release|Any CPU
		{53914CA2-E0E6-4D84-8899-D9C5CE40AA76}.Release|Any CPU.Build.0 = Release|Any CPU
		{AF9E2120-206E-4318-8A2B-2DB798D39C4D}.Debug|Any CPU.ActiveCfg = Debug|Any CPU
		{AF9E2120-206E-4318-8A2B-2DB798D39C4D}.Debug|Any CPU.Build.0 = Debug|Any CPU
		{AF9E2120-206E-4318-8A2B-2DB798D39C4D}.Release|Any CPU.ActiveCfg = Release|Any CPU
		{AF9E2120-206E-4318-8A2B-2DB798D39C4D}.Release|Any CPU.Build.0 = Release|Any CPU
		{3B14F0A6-E2BB-411D-B31F-9C0B44C8ABE9}.Debug|Any CPU.ActiveCfg = Debug|Any CPU
		{3B14F0A6-E2BB-411D-B31F-9C0B44C8ABE9}.Debug|Any CPU.Build.0 = Debug|Any CPU
		{3B14F0A6-E2BB-411D-B31F-9C0B44C8ABE9}.Release|Any CPU.ActiveCfg = Release|Any CPU
		{3B14F0A6-E2BB-411D-B31F-9C0B44C8ABE9}.Release|Any CPU.Build.0 = Release|Any CPU
		{2C4790A3-B411-4F46-9428-832406A9D54E}.Debug|Any CPU.ActiveCfg = Debug|Any CPU
		{2C4790A3-B411-4F46-9428-832406A9D54E}.Debug|Any CPU.Build.0 = Debug|Any CPU
		{2C4790A3-B411-4F46-9428-832406A9D54E}.Release|Any CPU.ActiveCfg = Release|Any CPU
		{2C4790A3-B411-4F46-9428-832406A9D54E}.Release|Any CPU.Build.0 = Release|Any CPU
		{798D160F-28A2-4194-9655-440FCCA0EF36}.Debug|Any CPU.ActiveCfg = Debug|Any CPU
		{798D160F-28A2-4194-9655-440FCCA0EF36}.Debug|Any CPU.Build.0 = Debug|Any CPU
		{798D160F-28A2-4194-9655-440FCCA0EF36}.Release|Any CPU.ActiveCfg = Release|Any CPU
		{798D160F-28A2-4194-9655-440FCCA0EF36}.Release|Any CPU.Build.0 = Release|Any CPU
		{340743A7-5BEC-4FEF-BD4C-F7C35BE7CBA2}.Debug|Any CPU.ActiveCfg = Debug|Any CPU
		{340743A7-5BEC-4FEF-BD4C-F7C35BE7CBA2}.Debug|Any CPU.Build.0 = Debug|Any CPU
		{340743A7-5BEC-4FEF-BD4C-F7C35BE7CBA2}.Release|Any CPU.ActiveCfg = Release|Any CPU
		{340743A7-5BEC-4FEF-BD4C-F7C35BE7CBA2}.Release|Any CPU.Build.0 = Release|Any CPU
		{F45D8E74-55D2-47CB-8DE7-A925AA51B707}.Debug|Any CPU.ActiveCfg = Debug|Any CPU
		{F45D8E74-55D2-47CB-8DE7-A925AA51B707}.Debug|Any CPU.Build.0 = Debug|Any CPU
		{F45D8E74-55D2-47CB-8DE7-A925AA51B707}.Release|Any CPU.ActiveCfg = Release|Any CPU
		{F45D8E74-55D2-47CB-8DE7-A925AA51B707}.Release|Any CPU.Build.0 = Release|Any CPU
		{DEC28148-EEEE-4C24-A592-188CEDF7EB06}.Debug|Any CPU.ActiveCfg = Debug|Any CPU
		{DEC28148-EEEE-4C24-A592-188CEDF7EB06}.Debug|Any CPU.Build.0 = Debug|Any CPU
		{DEC28148-EEEE-4C24-A592-188CEDF7EB06}.Release|Any CPU.ActiveCfg = Release|Any CPU
		{DEC28148-EEEE-4C24-A592-188CEDF7EB06}.Release|Any CPU.Build.0 = Release|Any CPU
		{32543B56-14B6-44A9-9EC0-6CB8329B0867}.Debug|Any CPU.ActiveCfg = Debug|Any CPU
		{32543B56-14B6-44A9-9EC0-6CB8329B0867}.Debug|Any CPU.Build.0 = Debug|Any CPU
		{32543B56-14B6-44A9-9EC0-6CB8329B0867}.Release|Any CPU.ActiveCfg = Release|Any CPU
		{32543B56-14B6-44A9-9EC0-6CB8329B0867}.Release|Any CPU.Build.0 = Release|Any CPU
		{CEACE0CE-FE27-4039-9F30-F585B418FCEB}.Debug|Any CPU.ActiveCfg = Debug|Any CPU
		{CEACE0CE-FE27-4039-9F30-F585B418FCEB}.Debug|Any CPU.Build.0 = Debug|Any CPU
		{CEACE0CE-FE27-4039-9F30-F585B418FCEB}.Release|Any CPU.ActiveCfg = Release|Any CPU
		{CEACE0CE-FE27-4039-9F30-F585B418FCEB}.Release|Any CPU.Build.0 = Release|Any CPU
		{116E8864-FF2F-B2C0-8009-741468CA9346}.Debug|Any CPU.ActiveCfg = Debug|Any CPU
		{116E8864-FF2F-B2C0-8009-741468CA9346}.Debug|Any CPU.Build.0 = Debug|Any CPU
		{116E8864-FF2F-B2C0-8009-741468CA9346}.Release|Any CPU.ActiveCfg = Release|Any CPU
		{116E8864-FF2F-B2C0-8009-741468CA9346}.Release|Any CPU.Build.0 = Release|Any CPU
		{30E62A03-302F-95A5-32B8-E2D4D5E0A3AC}.Debug|Any CPU.ActiveCfg = Debug|Any CPU
		{30E62A03-302F-95A5-32B8-E2D4D5E0A3AC}.Debug|Any CPU.Build.0 = Debug|Any CPU
		{30E62A03-302F-95A5-32B8-E2D4D5E0A3AC}.Release|Any CPU.ActiveCfg = Release|Any CPU
		{30E62A03-302F-95A5-32B8-E2D4D5E0A3AC}.Release|Any CPU.Build.0 = Release|Any CPU
		{A8B2C3D4-E5F6-7890-1234-567890ABCDEF}.Debug|Any CPU.ActiveCfg = Debug|Any CPU
		{A8B2C3D4-E5F6-7890-1234-567890ABCDEF}.Debug|Any CPU.Build.0 = Debug|Any CPU
		{A8B2C3D4-E5F6-7890-1234-567890ABCDEF}.Release|Any CPU.ActiveCfg = Release|Any CPU
		{A8B2C3D4-E5F6-7890-1234-567890ABCDEF}.Release|Any CPU.Build.0 = Release|Any CPU
	EndGlobalSection
	GlobalSection(SolutionProperties) = preSolution
		HideSolutionNode = FALSE
	EndGlobalSection
	GlobalSection(NestedProjects) = preSolution
		{82EA8DF4-4DDB-4944-AF0D-60B7C784FB30} = {75AE8F7B-B980-48AE-8518-073830FA6471}
		{0146B374-35C4-4191-9D09-3CDDC4ABCA2F} = {75AE8F7B-B980-48AE-8518-073830FA6471}
		{3B8DB16B-0A35-4565-B8CA-73DE662424BC} = {75AE8F7B-B980-48AE-8518-073830FA6471}
		{0D987657-9907-4385-BE24-580FE42C9E06} = {75AE8F7B-B980-48AE-8518-073830FA6471}
		{53914CA2-E0E6-4D84-8899-D9C5CE40AA76} = {5B7BB270-905C-4D2F-BD3C-3374707FE1E3}
		{AF9E2120-206E-4318-8A2B-2DB798D39C4D} = {71E181BF-2E72-45F2-9DAD-6B1D18FAD164}
		{3B14F0A6-E2BB-411D-B31F-9C0B44C8ABE9} = {5B7BB270-905C-4D2F-BD3C-3374707FE1E3}
		{2C4790A3-B411-4F46-9428-832406A9D54E} = {71E181BF-2E72-45F2-9DAD-6B1D18FAD164}
		{798D160F-28A2-4194-9655-440FCCA0EF36} = {71E181BF-2E72-45F2-9DAD-6B1D18FAD164}
		{340743A7-5BEC-4FEF-BD4C-F7C35BE7CBA2} = {75AE8F7B-B980-48AE-8518-073830FA6471}
		{F45D8E74-55D2-47CB-8DE7-A925AA51B707} = {22F7EF40-C77C-4AF0-8C1E-500EA6B85496}
		{A8B2C3D4-E5F6-7890-1234-567890ABCDEF} = {22F7EF40-C77C-4AF0-8C1E-500EA6B85496}
		{DEC28148-EEEE-4C24-A592-188CEDF7EB06} = {2B193382-DF21-4223-888A-CE5CD3B52C25}
		{32543B56-14B6-44A9-9EC0-6CB8329B0867} = {2B193382-DF21-4223-888A-CE5CD3B52C25}
		{CEACE0CE-FE27-4039-9F30-F585B418FCEB} = {2B193382-DF21-4223-888A-CE5CD3B52C25}
		{116E8864-FF2F-B2C0-8009-741468CA9346} = {2B193382-DF21-4223-888A-CE5CD3B52C25}
		{30E62A03-302F-95A5-32B8-E2D4D5E0A3AC} = {75AE8F7B-B980-48AE-8518-073830FA6471}
	EndGlobalSection
	GlobalSection(ExtensibilityGlobals) = postSolution
		SolutionGuid = {CAB3D5DE-BC6C-44FD-831C-9C7BE3935343}
	EndGlobalSection
EndGlobal
