Microsoft Visual Studio Solution File, Format Version 12.00
# Visual Studio Version 17
VisualStudioVersion = 17.10.34928.147
MinimumVisualStudioVersion = 10.0.40219.1
Project("{9A19103F-16F7-4668-BE54-9A1E7A4F7556}") = "EdFi.DmsConfigurationService.Frontend.AspNetCore", "frontend\EdFi.DmsConfigurationService.Frontend.AspNetCore\EdFi.DmsConfigurationService.Frontend.AspNetCore.csproj", "{10D2F79A-E26E-4470-82C9-7A593B63B09C}"
EndProject
Project("{2150E333-8FDC-42A3-9474-1A3956D46DE8}") = "frontend", "frontend", "{68E345E9-E50F-482A-8AFF-9E1156C448C9}"
EndProject
Project("{9A19103F-16F7-4668-BE54-9A1E7A4F7556}") = "EdFi.DmsConfigurationService.Frontend.AspNetCore.Tests.Unit", "frontend\EdFi.DmsConfigurationService.Frontend.AspNetCore.Tests.Unit\EdFi.DmsConfigurationService.Frontend.AspNetCore.Tests.Unit.csproj", "{A1BEAD7A-70BD-46A9-8660-9ED779C55329}"
EndProject
Project("{2150E333-8FDC-42A3-9474-1A3956D46DE8}") = "backend", "backend", "{82B01A63-4B8A-4965-9806-001128050FB5}"
EndProject
Project("{9A19103F-16F7-4668-BE54-9A1E7A4F7556}") = "EdFi.DmsConfigurationService.Backend", "backend\EdFi.DmsConfigurationService.Backend\EdFi.DmsConfigurationService.Backend.csproj", "{534CEEAD-7C32-41F5-B2A2-BFB650D0463B}"
EndProject
Project("{9A19103F-16F7-4668-BE54-9A1E7A4F7556}") = "EdFi.DmsConfigurationService.Backend.Keycloak", "backend\EdFi.DmsConfigurationService.Backend.Keycloak\EdFi.DmsConfigurationService.Backend.Keycloak.csproj", "{40174F36-F992-4C1D-AA40-E59442637CF8}"
EndProject
Project("{9A19103F-16F7-4668-BE54-9A1E7A4F7556}") = "EdFi.DmsConfigurationService.Backend.Postgresql", "backend\EdFi.DmsConfigurationService.Backend.Postgresql\EdFi.DmsConfigurationService.Backend.Postgresql.csproj", "{363AD6D0-A6D4-4C5D-AD97-AF6833118F34}"
EndProject
Project("{9A19103F-16F7-4668-BE54-9A1E7A4F7556}") = "EdFi.DmsConfigurationService.Backend.Installer", "backend\EdFi.DmsConfigurationService.Backend.Installer\EdFi.DmsConfigurationService.Backend.Installer.csproj", "{B127DAA0-F313-4914-AC43-565444D91C1E}"
EndProject
Project("{9A19103F-16F7-4668-BE54-9A1E7A4F7556}") = "EdFi.DmsConfigurationService.Backend.Mssql", "backend\EdFi.DmsConfigurationService.Backend.Mssql\EdFi.DmsConfigurationService.Backend.Mssql.csproj", "{5F62ACE6-B44A-40AE-B5EC-AF2BBA9FF1E3}"
EndProject
Project("{2150E333-8FDC-42A3-9474-1A3956D46DE8}") = "datamodel", "datamodel", "{F90FF019-91D3-462E-94A4-96B52681DB16}"
EndProject
Project("{9A19103F-16F7-4668-BE54-9A1E7A4F7556}") = "EdFi.DmsConfigurationService.DataModel", "datamodel\EdFi.DmsConfigurationService.DataModel\EdFi.DmsConfigurationService.DataModel.csproj", "{E97DCC9F-C27F-497D-94FE-3DD39038C38B}"
EndProject
Project("{9A19103F-16F7-4668-BE54-9A1E7A4F7556}") = "EdFi.DmsConfigurationService.Backend.Postgresql.Test.Integration", "backend\EdFi.DmsConfigurationService.Backend.Postgresql.Test.Integration\EdFi.DmsConfigurationService.Backend.Postgresql.Test.Integration.csproj", "{EE23DFFB-C61D-48FE-B821-2442D67D7AF9}"
EndProject
Project("{2150E333-8FDC-42A3-9474-1A3956D46DE8}") = "tests", "tests", "{C3055527-CED8-4831-8ED4-CCB03E353281}"
EndProject
Project("{9A19103F-16F7-4668-BE54-9A1E7A4F7556}") = "EdFi.DmsConfigurationService.Tests.E2E", "tests\EdFi.DmsConfigurationService.Tests.E2E\EdFi.DmsConfigurationService.Tests.E2E.csproj", "{334D8F2D-4D9D-4B8B-8F56-3F8EA7FDC218}"
EndProject
Project("{FAE04EC0-301F-11D3-BF4B-00C04F79EFBC}") = "EdFi.DmsConfigurationService.Backend.Tests.Unit", "backend\EdFi.DmsConfigurationService.Backend.Tests.Unit\EdFi.DmsConfigurationService.Backend.Tests.Unit.csproj", "{503022E4-0DD6-4B83-AC81-17F3F646C3A6}"
EndProject
Global
	GlobalSection(SolutionConfigurationPlatforms) = preSolution
		Debug|Any CPU = Debug|Any CPU
		Release|Any CPU = Release|Any CPU
	EndGlobalSection
	GlobalSection(ProjectConfigurationPlatforms) = postSolution
		{10D2F79A-E26E-4470-82C9-7A593B63B09C}.Debug|Any CPU.ActiveCfg = Debug|Any CPU
		{10D2F79A-E26E-4470-82C9-7A593B63B09C}.Debug|Any CPU.Build.0 = Debug|Any CPU
		{10D2F79A-E26E-4470-82C9-7A593B63B09C}.Release|Any CPU.ActiveCfg = Release|Any CPU
		{10D2F79A-E26E-4470-82C9-7A593B63B09C}.Release|Any CPU.Build.0 = Release|Any CPU
		{A1BEAD7A-70BD-46A9-8660-9ED779C55329}.Debug|Any CPU.ActiveCfg = Debug|Any CPU
		{A1BEAD7A-70BD-46A9-8660-9ED779C55329}.Debug|Any CPU.Build.0 = Debug|Any CPU
		{A1BEAD7A-70BD-46A9-8660-9ED779C55329}.Release|Any CPU.ActiveCfg = Release|Any CPU
		{A1BEAD7A-70BD-46A9-8660-9ED779C55329}.Release|Any CPU.Build.0 = Release|Any CPU
		{534CEEAD-7C32-41F5-B2A2-BFB650D0463B}.Debug|Any CPU.ActiveCfg = Debug|Any CPU
		{534CEEAD-7C32-41F5-B2A2-BFB650D0463B}.Debug|Any CPU.Build.0 = Debug|Any CPU
		{534CEEAD-7C32-41F5-B2A2-BFB650D0463B}.Release|Any CPU.ActiveCfg = Release|Any CPU
		{534CEEAD-7C32-41F5-B2A2-BFB650D0463B}.Release|Any CPU.Build.0 = Release|Any CPU
		{40174F36-F992-4C1D-AA40-E59442637CF8}.Debug|Any CPU.ActiveCfg = Debug|Any CPU
		{40174F36-F992-4C1D-AA40-E59442637CF8}.Debug|Any CPU.Build.0 = Debug|Any CPU
		{40174F36-F992-4C1D-AA40-E59442637CF8}.Release|Any CPU.ActiveCfg = Release|Any CPU
		{40174F36-F992-4C1D-AA40-E59442637CF8}.Release|Any CPU.Build.0 = Release|Any CPU
		{363AD6D0-A6D4-4C5D-AD97-AF6833118F34}.Debug|Any CPU.ActiveCfg = Debug|Any CPU
		{363AD6D0-A6D4-4C5D-AD97-AF6833118F34}.Debug|Any CPU.Build.0 = Debug|Any CPU
		{363AD6D0-A6D4-4C5D-AD97-AF6833118F34}.Release|Any CPU.ActiveCfg = Release|Any CPU
		{363AD6D0-A6D4-4C5D-AD97-AF6833118F34}.Release|Any CPU.Build.0 = Release|Any CPU
		{B127DAA0-F313-4914-AC43-565444D91C1E}.Debug|Any CPU.ActiveCfg = Debug|Any CPU
		{B127DAA0-F313-4914-AC43-565444D91C1E}.Debug|Any CPU.Build.0 = Debug|Any CPU
		{B127DAA0-F313-4914-AC43-565444D91C1E}.Release|Any CPU.ActiveCfg = Release|Any CPU
		{B127DAA0-F313-4914-AC43-565444D91C1E}.Release|Any CPU.Build.0 = Release|Any CPU
		{5F62ACE6-B44A-40AE-B5EC-AF2BBA9FF1E3}.Debug|Any CPU.ActiveCfg = Debug|Any CPU
		{5F62ACE6-B44A-40AE-B5EC-AF2BBA9FF1E3}.Debug|Any CPU.Build.0 = Debug|Any CPU
		{5F62ACE6-B44A-40AE-B5EC-AF2BBA9FF1E3}.Release|Any CPU.ActiveCfg = Release|Any CPU
		{5F62ACE6-B44A-40AE-B5EC-AF2BBA9FF1E3}.Release|Any CPU.Build.0 = Release|Any CPU
		{E97DCC9F-C27F-497D-94FE-3DD39038C38B}.Debug|Any CPU.ActiveCfg = Debug|Any CPU
		{E97DCC9F-C27F-497D-94FE-3DD39038C38B}.Debug|Any CPU.Build.0 = Debug|Any CPU
		{E97DCC9F-C27F-497D-94FE-3DD39038C38B}.Release|Any CPU.ActiveCfg = Release|Any CPU
		{E97DCC9F-C27F-497D-94FE-3DD39038C38B}.Release|Any CPU.Build.0 = Release|Any CPU
		{EE23DFFB-C61D-48FE-B821-2442D67D7AF9}.Debug|Any CPU.ActiveCfg = Debug|Any CPU
		{EE23DFFB-C61D-48FE-B821-2442D67D7AF9}.Debug|Any CPU.Build.0 = Debug|Any CPU
		{EE23DFFB-C61D-48FE-B821-2442D67D7AF9}.Release|Any CPU.ActiveCfg = Release|Any CPU
		{EE23DFFB-C61D-48FE-B821-2442D67D7AF9}.Release|Any CPU.Build.0 = Release|Any CPU
		{334D8F2D-4D9D-4B8B-8F56-3F8EA7FDC218}.Debug|Any CPU.ActiveCfg = Debug|Any CPU
		{334D8F2D-4D9D-4B8B-8F56-3F8EA7FDC218}.Debug|Any CPU.Build.0 = Debug|Any CPU
		{334D8F2D-4D9D-4B8B-8F56-3F8EA7FDC218}.Release|Any CPU.ActiveCfg = Release|Any CPU
		{334D8F2D-4D9D-4B8B-8F56-3F8EA7FDC218}.Release|Any CPU.Build.0 = Release|Any CPU
		{503022E4-0DD6-4B83-AC81-17F3F646C3A6}.Debug|Any CPU.ActiveCfg = Debug|Any CPU
		{503022E4-0DD6-4B83-AC81-17F3F646C3A6}.Debug|Any CPU.Build.0 = Debug|Any CPU
		{503022E4-0DD6-4B83-AC81-17F3F646C3A6}.Release|Any CPU.ActiveCfg = Release|Any CPU
		{503022E4-0DD6-4B83-AC81-17F3F646C3A6}.Release|Any CPU.Build.0 = Release|Any CPU
	EndGlobalSection
	GlobalSection(SolutionProperties) = preSolution
		HideSolutionNode = FALSE
	EndGlobalSection
	GlobalSection(NestedProjects) = preSolution
		{10D2F79A-E26E-4470-82C9-7A593B63B09C} = {68E345E9-E50F-482A-8AFF-9E1156C448C9}
		{A1BEAD7A-70BD-46A9-8660-9ED779C55329} = {68E345E9-E50F-482A-8AFF-9E1156C448C9}
		{534CEEAD-7C32-41F5-B2A2-BFB650D0463B} = {82B01A63-4B8A-4965-9806-001128050FB5}
		{40174F36-F992-4C1D-AA40-E59442637CF8} = {82B01A63-4B8A-4965-9806-001128050FB5}
		{363AD6D0-A6D4-4C5D-AD97-AF6833118F34} = {82B01A63-4B8A-4965-9806-001128050FB5}
		{B127DAA0-F313-4914-AC43-565444D91C1E} = {82B01A63-4B8A-4965-9806-001128050FB5}
		{5F62ACE6-B44A-40AE-B5EC-AF2BBA9FF1E3} = {82B01A63-4B8A-4965-9806-001128050FB5}
		{E97DCC9F-C27F-497D-94FE-3DD39038C38B} = {F90FF019-91D3-462E-94A4-96B52681DB16}
		{EE23DFFB-C61D-48FE-B821-2442D67D7AF9} = {82B01A63-4B8A-4965-9806-001128050FB5}
		{334D8F2D-4D9D-4B8B-8F56-3F8EA7FDC218} = {C3055527-CED8-4831-8ED4-CCB03E353281}
		{503022E4-0DD6-4B83-AC81-17F3F646C3A6} = {82B01A63-4B8A-4965-9806-001128050FB5}
	EndGlobalSection
	GlobalSection(ExtensibilityGlobals) = postSolution
		SolutionGuid = {BB22426B-6AA8-4C58-9557-376F107B547B}
	EndGlobalSection
EndGlobal
