
Microsoft Visual Studio Solution File, Format Version 12.00
# Visual Studio Version 17
VisualStudioVersion = 17.4.33122.133
MinimumVisualStudioVersion = 10.0.40219.1
Project("{2150E333-8FDC-42A3-9474-1A3956D46DE8}") = "tests", "tests", "{22F7EF40-C77C-4AF0-8C1E-500EA6B85496}"
EndProject
Project("{2150E333-8FDC-42A3-9474-1A3956D46DE8}") = "backend", "backend", "{75AE8F7B-B980-48AE-8518-073830FA6471}"
EndProject
Project("{9A19103F-16F7-4668-BE54-9A1E7A4F7556}") = "EdFi.DataManagementService.Backend", "backend\EdFi.DataManagementService.Backend\EdFi.DataManagementService.Backend.csproj", "{82EA8DF4-4DDB-4944-AF0D-60B7C784FB30}"
EndProject
Project("{9A19103F-16F7-4668-BE54-9A1E7A4F7556}") = "EdFi.DataManagementService.Backend.Mssql", "backend\EdFi.DataManagementService.Backend.Mssql\EdFi.DataManagementService.Backend.Mssql.csproj", "{0146B374-35C4-4191-9D09-3CDDC4ABCA2F}"
EndProject
Project("{9A19103F-16F7-4668-BE54-9A1E7A4F7556}") = "EdFi.DataManagementService.Backend.Postgresql", "backend\EdFi.DataManagementService.Backend.Postgresql\EdFi.DataManagementService.Backend.Postgresql.csproj", "{3B8DB16B-0A35-4565-B8CA-73DE662424BC}"
EndProject
Project("{9A19103F-16F7-4668-BE54-9A1E7A4F7556}") = "EdFi.DataManagementService.Backend.Installer", "backend\EdFi.DataManagementService.Backend.Installer\EdFi.DataManagementService.Backend.Installer.csproj", "{0D987657-9907-4385-BE24-580FE42C9E06}"
EndProject
Project("{2150E333-8FDC-42A3-9474-1A3956D46DE8}") = "frontend", "frontend", "{5B7BB270-905C-4D2F-BD3C-3374707FE1E3}"
EndProject
Project("{9A19103F-16F7-4668-BE54-9A1E7A4F7556}") = "EdFi.DataManagementService.Frontend.AspNetCore", "frontend\EdFi.DataManagementService.Frontend.AspNetCore\EdFi.DataManagementService.Frontend.AspNetCore.csproj", "{53914CA2-E0E6-4D84-8899-D9C5CE40AA76}"
EndProject
Project("{2150E333-8FDC-42A3-9474-1A3956D46DE8}") = "core", "core", "{71E181BF-2E72-45F2-9DAD-6B1D18FAD164}"
EndProject
Project("{9A19103F-16F7-4668-BE54-9A1E7A4F7556}") = "EdFi.DataManagementService.Core", "core\EdFi.DataManagementService.Core\EdFi.DataManagementService.Core.csproj", "{AF9E2120-206E-4318-8A2B-2DB798D39C4D}"
EndProject
Project("{9A19103F-16F7-4668-BE54-9A1E7A4F7556}") = "EdFi.DataManagementService.Frontend.AspNetCore.Tests.Unit", "frontend\EdFi.DataManagementService.Frontend.AspNetCore.Tests.Unit\EdFi.DataManagementService.Frontend.AspNetCore.Tests.Unit.csproj", "{3B14F0A6-E2BB-411D-B31F-9C0B44C8ABE9}"
EndProject
Project("{9A19103F-16F7-4668-BE54-9A1E7A4F7556}") = "EdFi.DataManagementService.Core.Tests.Unit", "core\EdFi.DataManagementService.Core.Tests.Unit\EdFi.DataManagementService.Core.Tests.Unit.csproj", "{2C4790A3-B411-4F46-9428-832406A9D54E}"
EndProject
Project("{9A19103F-16F7-4668-BE54-9A1E7A4F7556}") = "EdFi.DataManagementService.Core.External", "core\EdFi.DataManagementService.Core.External\EdFi.DataManagementService.Core.External.csproj", "{798D160F-28A2-4194-9655-440FCCA0EF36}"
EndProject
Project("{9A19103F-16F7-4668-BE54-9A1E7A4F7556}") = "EdFi.DataManagementService.Backend.Tests.Unit", "backend\EdFi.DataManagementService.Backend.Tests.Unit\EdFi.DataManagementService.Backend.Tests.Unit.csproj", "{340743A7-5BEC-4FEF-BD4C-F7C35BE7CBA2}"
EndProject
Project("{2150E333-8FDC-42A3-9474-1A3956D46DE8}") = "Solution Items", "Solution Items", "{D64FF6F6-BABC-4405-AF8C-24512E7FC7BE}"
	ProjectSection(SolutionItems) = preProject
		Directory.Packages.props = Directory.Packages.props
	EndProjectSection
EndProject
Project("{9A19103F-16F7-4668-BE54-9A1E7A4F7556}") = "EdFi.DataManagementService.Tests.E2E", "tests\EdFi.DataManagementService.Tests.E2E\EdFi.DataManagementService.Tests.E2E.csproj", "{F45D8E74-55D2-47CB-8DE7-A925AA51B707}"
EndProject
Project("{FAE04EC0-301F-11D3-BF4B-00C04F79EFBC}") = "EdFi.DataManagementService.Backend.Postgresql.Test.Integration", "backend\EdFi.DataManagementService.Backend.Postgresql.Test.Integration\EdFi.DataManagementService.Backend.Postgresql.Test.Integration.csproj", "{6D113284-09A9-4B4B-A6E9-91211BFE6377}"
EndProject
Project("{FAE04EC0-301F-11D3-BF4B-00C04F79EFBC}") = "EdFi.DataManagementService.Backend.OpenSearch", "backend\EdFi.DataManagementService.Backend.OpenSearch\EdFi.DataManagementService.Backend.OpenSearch.csproj", "{083E5FF8-8D13-40F2-AEF3-719B10A2FE66}"
EndProject
Global
	GlobalSection(SolutionConfigurationPlatforms) = preSolution
		Debug|Any CPU = Debug|Any CPU
		Release|Any CPU = Release|Any CPU
	EndGlobalSection
	GlobalSection(ProjectConfigurationPlatforms) = postSolution
		{82EA8DF4-4DDB-4944-AF0D-60B7C784FB30}.Debug|Any CPU.ActiveCfg = Debug|Any CPU
		{82EA8DF4-4DDB-4944-AF0D-60B7C784FB30}.Debug|Any CPU.Build.0 = Debug|Any CPU
		{82EA8DF4-4DDB-4944-AF0D-60B7C784FB30}.Release|Any CPU.ActiveCfg = Release|Any CPU
		{82EA8DF4-4DDB-4944-AF0D-60B7C784FB30}.Release|Any CPU.Build.0 = Release|Any CPU
		{0146B374-35C4-4191-9D09-3CDDC4ABCA2F}.Debug|Any CPU.ActiveCfg = Debug|Any CPU
		{0146B374-35C4-4191-9D09-3CDDC4ABCA2F}.Debug|Any CPU.Build.0 = Debug|Any CPU
		{0146B374-35C4-4191-9D09-3CDDC4ABCA2F}.Release|Any CPU.ActiveCfg = Release|Any CPU
		{0146B374-35C4-4191-9D09-3CDDC4ABCA2F}.Release|Any CPU.Build.0 = Release|Any CPU
		{3B8DB16B-0A35-4565-B8CA-73DE662424BC}.Debug|Any CPU.ActiveCfg = Debug|Any CPU
		{3B8DB16B-0A35-4565-B8CA-73DE662424BC}.Debug|Any CPU.Build.0 = Debug|Any CPU
		{3B8DB16B-0A35-4565-B8CA-73DE662424BC}.Release|Any CPU.ActiveCfg = Release|Any CPU
		{3B8DB16B-0A35-4565-B8CA-73DE662424BC}.Release|Any CPU.Build.0 = Release|Any CPU
		{0D987657-9907-4385-BE24-580FE42C9E06}.Debug|Any CPU.ActiveCfg = Debug|Any CPU
		{0D987657-9907-4385-BE24-580FE42C9E06}.Debug|Any CPU.Build.0 = Debug|Any CPU
		{0D987657-9907-4385-BE24-580FE42C9E06}.Release|Any CPU.ActiveCfg = Release|Any CPU
		{0D987657-9907-4385-BE24-580FE42C9E06}.Release|Any CPU.Build.0 = Release|Any CPU
		{53914CA2-E0E6-4D84-8899-D9C5CE40AA76}.Debug|Any CPU.ActiveCfg = Debug|Any CPU
		{53914CA2-E0E6-4D84-8899-D9C5CE40AA76}.Debug|Any CPU.Build.0 = Debug|Any CPU
		{53914CA2-E0E6-4D84-8899-D9C5CE40AA76}.Release|Any CPU.ActiveCfg = Release|Any CPU
		{53914CA2-E0E6-4D84-8899-D9C5CE40AA76}.Release|Any CPU.Build.0 = Release|Any CPU
		{AF9E2120-206E-4318-8A2B-2DB798D39C4D}.Debug|Any CPU.ActiveCfg = Debug|Any CPU
		{AF9E2120-206E-4318-8A2B-2DB798D39C4D}.Debug|Any CPU.Build.0 = Debug|Any CPU
		{AF9E2120-206E-4318-8A2B-2DB798D39C4D}.Release|Any CPU.ActiveCfg = Release|Any CPU
		{AF9E2120-206E-4318-8A2B-2DB798D39C4D}.Release|Any CPU.Build.0 = Release|Any CPU
		{3B14F0A6-E2BB-411D-B31F-9C0B44C8ABE9}.Debug|Any CPU.ActiveCfg = Debug|Any CPU
		{3B14F0A6-E2BB-411D-B31F-9C0B44C8ABE9}.Debug|Any CPU.Build.0 = Debug|Any CPU
		{3B14F0A6-E2BB-411D-B31F-9C0B44C8ABE9}.Release|Any CPU.ActiveCfg = Release|Any CPU
		{3B14F0A6-E2BB-411D-B31F-9C0B44C8ABE9}.Release|Any CPU.Build.0 = Release|Any CPU
		{2C4790A3-B411-4F46-9428-832406A9D54E}.Debug|Any CPU.ActiveCfg = Debug|Any CPU
		{2C4790A3-B411-4F46-9428-832406A9D54E}.Debug|Any CPU.Build.0 = Debug|Any CPU
		{2C4790A3-B411-4F46-9428-832406A9D54E}.Release|Any CPU.ActiveCfg = Release|Any CPU
		{2C4790A3-B411-4F46-9428-832406A9D54E}.Release|Any CPU.Build.0 = Release|Any CPU
		{798D160F-28A2-4194-9655-440FCCA0EF36}.Debug|Any CPU.ActiveCfg = Debug|Any CPU
		{798D160F-28A2-4194-9655-440FCCA0EF36}.Debug|Any CPU.Build.0 = Debug|Any CPU
		{798D160F-28A2-4194-9655-440FCCA0EF36}.Release|Any CPU.ActiveCfg = Release|Any CPU
		{798D160F-28A2-4194-9655-440FCCA0EF36}.Release|Any CPU.Build.0 = Release|Any CPU
		{340743A7-5BEC-4FEF-BD4C-F7C35BE7CBA2}.Debug|Any CPU.ActiveCfg = Debug|Any CPU
		{340743A7-5BEC-4FEF-BD4C-F7C35BE7CBA2}.Debug|Any CPU.Build.0 = Debug|Any CPU
		{340743A7-5BEC-4FEF-BD4C-F7C35BE7CBA2}.Release|Any CPU.ActiveCfg = Release|Any CPU
		{340743A7-5BEC-4FEF-BD4C-F7C35BE7CBA2}.Release|Any CPU.Build.0 = Release|Any CPU
		{F45D8E74-55D2-47CB-8DE7-A925AA51B707}.Debug|Any CPU.ActiveCfg = Debug|Any CPU
		{F45D8E74-55D2-47CB-8DE7-A925AA51B707}.Debug|Any CPU.Build.0 = Debug|Any CPU
		{F45D8E74-55D2-47CB-8DE7-A925AA51B707}.Release|Any CPU.ActiveCfg = Release|Any CPU
		{F45D8E74-55D2-47CB-8DE7-A925AA51B707}.Release|Any CPU.Build.0 = Release|Any CPU
		{6D113284-09A9-4B4B-A6E9-91211BFE6377}.Debug|Any CPU.ActiveCfg = Debug|Any CPU
		{6D113284-09A9-4B4B-A6E9-91211BFE6377}.Debug|Any CPU.Build.0 = Debug|Any CPU
		{6D113284-09A9-4B4B-A6E9-91211BFE6377}.Release|Any CPU.ActiveCfg = Release|Any CPU
		{6D113284-09A9-4B4B-A6E9-91211BFE6377}.Release|Any CPU.Build.0 = Release|Any CPU
		{083E5FF8-8D13-40F2-AEF3-719B10A2FE66}.Debug|Any CPU.ActiveCfg = Debug|Any CPU
		{083E5FF8-8D13-40F2-AEF3-719B10A2FE66}.Debug|Any CPU.Build.0 = Debug|Any CPU
		{083E5FF8-8D13-40F2-AEF3-719B10A2FE66}.Release|Any CPU.ActiveCfg = Release|Any CPU
		{083E5FF8-8D13-40F2-AEF3-719B10A2FE66}.Release|Any CPU.Build.0 = Release|Any CPU
	EndGlobalSection
	GlobalSection(SolutionProperties) = preSolution
		HideSolutionNode = FALSE
	EndGlobalSection
	GlobalSection(NestedProjects) = preSolution
		{82EA8DF4-4DDB-4944-AF0D-60B7C784FB30} = {75AE8F7B-B980-48AE-8518-073830FA6471}
		{0146B374-35C4-4191-9D09-3CDDC4ABCA2F} = {75AE8F7B-B980-48AE-8518-073830FA6471}
		{3B8DB16B-0A35-4565-B8CA-73DE662424BC} = {75AE8F7B-B980-48AE-8518-073830FA6471}
		{0D987657-9907-4385-BE24-580FE42C9E06} = {75AE8F7B-B980-48AE-8518-073830FA6471}
		{53914CA2-E0E6-4D84-8899-D9C5CE40AA76} = {5B7BB270-905C-4D2F-BD3C-3374707FE1E3}
		{AF9E2120-206E-4318-8A2B-2DB798D39C4D} = {71E181BF-2E72-45F2-9DAD-6B1D18FAD164}
		{3B14F0A6-E2BB-411D-B31F-9C0B44C8ABE9} = {5B7BB270-905C-4D2F-BD3C-3374707FE1E3}
		{2C4790A3-B411-4F46-9428-832406A9D54E} = {71E181BF-2E72-45F2-9DAD-6B1D18FAD164}
		{798D160F-28A2-4194-9655-440FCCA0EF36} = {71E181BF-2E72-45F2-9DAD-6B1D18FAD164}
		{340743A7-5BEC-4FEF-BD4C-F7C35BE7CBA2} = {75AE8F7B-B980-48AE-8518-073830FA6471}
		{F45D8E74-55D2-47CB-8DE7-A925AA51B707} = {22F7EF40-C77C-4AF0-8C1E-500EA6B85496}
		{6D113284-09A9-4B4B-A6E9-91211BFE6377} = {75AE8F7B-B980-48AE-8518-073830FA6471}
		{083E5FF8-8D13-40F2-AEF3-719B10A2FE66} = {75AE8F7B-B980-48AE-8518-073830FA6471}
	EndGlobalSection
	GlobalSection(ExtensibilityGlobals) = postSolution
		SolutionGuid = {CAB3D5DE-BC6C-44FD-831C-9C7BE3935343}
	EndGlobalSection
EndGlobal
