{
  "version": 2,
  "dependencies": {
    "net10.0": {
      "coverlet.collector": {
        "type": "Direct",
        "requested": "[6.0.2, )",
        "resolved": "6.0.2",
        "contentHash": "bJShQ6uWRTQ100ZeyiMqcFlhP7WJ+bCuabUs885dJiBEzMsJMSFr7BOyeCw4rgvQokteGi5rKQTlkhfQPUXg2A=="
      },
      "FluentAssertions": {
        "type": "Direct",
        "requested": "[6.12.1, )",
        "resolved": "6.12.1",
        "contentHash": "hciWwryyLw3eonfqhFpOMTXyM1/auJChYslEBA+iGJyuBs5O3t/kA8YaeH4iRo/2Fe3ElSYL86C0miivtZ0f3g==",
        "dependencies": {
          "System.Configuration.ConfigurationManager": "4.4.0"
        }
      },
      "Microsoft.AspNetCore.Authentication.JwtBearer": {
        "type": "Direct",
        "requested": "[10.0.1, )",
        "resolved": "10.0.1",
        "contentHash": "lvyUEBVv7V1/UvGxfOV3a0kyaQatPAU+ZHru7xha6WVOpa+7aJtKehbiu9VpAt/G50FR+hUwL4nTY33ijsCXwA==",
        "dependencies": {
          "Microsoft.IdentityModel.Protocols.OpenIdConnect": "8.0.1"
        }
      },
      "Microsoft.CodeAnalysis.CSharp.CodeStyle": {
        "type": "Direct",
        "requested": "[4.12.0, )",
        "resolved": "4.12.0",
        "contentHash": "5S+LHLhm0am4MWQQMN0O3VyKA/St5JCqH1yv+1YGZl2klIJlLlmNA/KTLCVJSC1kZPIKR1MFF/3g9FqsyzIyCQ=="
      },
      "Microsoft.IdentityModel.JsonWebTokens": {
        "type": "Direct",
        "requested": "[8.12.0, )",
        "resolved": "8.12.0",
        "contentHash": "gOup2SmdwaXooLR0POKfrkyrw+R+G8nc8Nk80TL0196kFQK7Bg7Qr4x3jvOCm3TR8QLqU8cVpSVqBLtUaosPEg==",
        "dependencies": {
          "Microsoft.IdentityModel.Tokens": "8.12.0"
        }
      },
      "Microsoft.IdentityModel.Protocols": {
        "type": "Direct",
        "requested": "[8.12.0, )",
        "resolved": "8.12.0",
        "contentHash": "WwCV1H3lmo6qLjVjFlzi8jBbYLWKzKM3KldD1te1vD3QZbcZ+aN7MBGnbbJAE8FYqv/zLPtsRliRNOs9YHrtxg==",
        "dependencies": {
          "Microsoft.IdentityModel.Tokens": "8.12.0"
        }
      },
      "Microsoft.NET.Test.Sdk": {
        "type": "Direct",
        "requested": "[17.11.1, )",
        "resolved": "17.11.1",
        "contentHash": "U3Ty4BaGoEu+T2bwSko9tWqWUOU16WzSFkq6U8zve75oRBMSLTBdMAZrVNNz1Tq12aCdDom9fcOcM9QZaFHqFg==",
        "dependencies": {
          "Microsoft.CodeCoverage": "17.11.1",
          "Microsoft.TestPlatform.TestHost": "17.11.1"
        }
      },
      "Microsoft.Playwright.NUnit": {
        "type": "Direct",
        "requested": "[1.46.0, )",
        "resolved": "1.46.0",
        "contentHash": "EBxa5tMcZI3dtuaCfoJ44mrlsvL+ZXjF5yrzQicFEHcG4C1l6jnl3jD1yKQCBgJH5f2jKzACi0ir8tkCqxBwVA==",
        "dependencies": {
          "Microsoft.NET.Test.Sdk": "16.11.0",
          "Microsoft.Playwright": "1.46.0",
          "Microsoft.Playwright.TestAdapter": "1.46.0",
          "NUnit": "3.13.2",
          "NUnit3TestAdapter": "4.0.0"
        }
      },
      "Npgsql": {
        "type": "Direct",
        "requested": "[8.0.4, )",
        "resolved": "8.0.4",
        "contentHash": "vaYEUlF/pB9m8bs21wQv3Da0kMHT4A9USe47VfY/L2BO97xz5KfIxhEu22QS9d68ZrLxvtL3wQDfDLPr2OjbjA==",
        "dependencies": {
          "Microsoft.Extensions.Logging.Abstractions": "8.0.0"
        }
      },
      "NUnit": {
        "type": "Direct",
        "requested": "[4.2.2, )",
        "resolved": "4.2.2",
        "contentHash": "mon0OPko28yZ/foVXrhiUvq1LReaGsBdziumyyYGxV/pOE4q92fuYeN+AF+gEU5pCjzykcdBt5l7xobTaiBjsg=="
      },
      "NUnit.Analyzers": {
        "type": "Direct",
        "requested": "[4.3.0, )",
        "resolved": "4.3.0",
        "contentHash": "Ki4p1XrmnYil64HE9VkJSuo6KBr8vg7Mut43atYvItDp3HwIcRY5hi+n5o8GaX1IBCwYLaJgW5ZfZuBVPYXEkg=="
      },
      "NUnit3TestAdapter": {
        "type": "Direct",
        "requested": "[4.6.0, )",
        "resolved": "4.6.0",
        "contentHash": "R7e1+a4vuV/YS+ItfL7f//rG+JBvVeVLX4mHzFEZo4W1qEKl8Zz27AqvQSAqo+BtIzUCo4aAJMYa56VXS4hudw=="
      },
      "Reqnroll": {
        "type": "Direct",
        "requested": "[2.1.0, )",
        "resolved": "2.1.0",
        "contentHash": "lkNiB+MMwNeKL8/p2TqHVmUpMB0G2vVYdhyz9XFNutxDLRD2L6eBNU3jBeCyAoWcBkXMB1lG0gTV7u8LqbEBwA==",
        "dependencies": {
          "Cucumber.CucumberExpressions": "17.1.0",
          "Gherkin": "29.0.0",
          "Microsoft.Extensions.DependencyModel": "8.0.1",
          "SpecFlow.Internal.Json": "1.0.8"
        }
      },
      "Reqnroll.NUnit": {
        "type": "Direct",
        "requested": "[2.1.0, )",
        "resolved": "2.1.0",
        "contentHash": "BnKXroLp9qaNLsuMuGxdA5Tp1zeoY4raqG/yI04oRNIC5e45NU3kN7voMtLkNLB1k0GMInzsNFDt2uW6I2/cAA==",
        "dependencies": {
          "NUnit": "3.13.1",
          "Reqnroll": "[2.1.0]",
          "Reqnroll.Tools.MsBuild.Generation": "[2.1.0]"
        }
      },
      "SonarAnalyzer.CSharp": {
        "type": "Direct",
        "requested": "[9.32.0.97167, )",
        "resolved": "9.32.0.97167",
        "contentHash": "Yxk86RV+8ynJpUhku1Yw2hITFmnmXKkXJ73cIFSy85ol5SnWREQg9RuTyV8nI7V7+pyLKpCfRmD7P0widsgjkg=="
      },
      "System.IdentityModel.Tokens.Jwt": {
        "type": "Direct",
        "requested": "[8.12.0, )",
        "resolved": "8.12.0",
        "contentHash": "JpkST6AQlxrXXQ05jVNqoPsU9fjIfERJdCWMxIBWzGhuNH4q/TkP5suPdlNFtHhIN+ngWQ8rmaCNY35EhACHwg==",
        "dependencies": {
          "Microsoft.IdentityModel.JsonWebTokens": "8.12.0",
          "Microsoft.IdentityModel.Tokens": "8.12.0"
        }
      },
      "Cucumber.CucumberExpressions": {
        "type": "Transitive",
        "resolved": "17.1.0",
        "contentHash": "IZFDLLwrUCKuGDXQzmAWZa+kQFpVmVwWD8wEl0UWGOR83UQfzqg8hZeSSNUOXlW0Kh3vMO6kEm3FpNC4amKMaw=="
      },
      "Gherkin": {
        "type": "Transitive",
        "resolved": "29.0.0",
        "contentHash": "az9zmD5V72UZUzYcDyHoZHFRT5eSLOg1Co2r3AtlshPe41Am7iMwOJG+xHxZ1Pfn6agGoWw1dhm6Pn8Dg6QBUg=="
      },
      "Microsoft.Bcl.AsyncInterfaces": {
        "type": "Transitive",
        "resolved": "6.0.0",
        "contentHash": "UcSjPsst+DfAdJGVDsu346FX0ci0ah+lw3WRtn18NUwEqRt70HaOQ7lI72vy3+1LxtqI3T5GWwV39rQSrCzAeg=="
      },
      "Microsoft.CodeCoverage": {
        "type": "Transitive",
        "resolved": "17.11.1",
        "contentHash": "nPJqrcA5iX+Y0kqoT3a+pD/8lrW/V7ayqnEJQsTonSoPz59J8bmoQhcSN4G8+UJ64Hkuf0zuxnfuj2lkHOq4cA=="
      },
      "Microsoft.Extensions.DependencyModel": {
        "type": "Transitive",
        "resolved": "8.0.1",
        "contentHash": "5Ou6varcxLBzQ+Agfm0k0pnH7vrEITYlXMDuE6s7ZHlZHz6/G8XJ3iISZDr5rfwfge6RnXJ1+Wc479mMn52vjA=="
      },
      "Microsoft.IdentityModel.Abstractions": {
        "type": "Transitive",
        "resolved": "8.12.0",
        "contentHash": "V7fHMFpfzvx7twWMV3jrf3OFVmYn3QhUYtvfMRD9yUPs9gxnQSaRMZh5NzCsnW3ZZ80J09EE7yyjM71y9JC6hQ=="
      },
      "Microsoft.IdentityModel.Logging": {
        "type": "Transitive",
        "resolved": "8.12.0",
        "contentHash": "IakwNWUTy5RlcDcKwtL5TyfDLZmA8FFnSDhfr+wfGGPMON9GkpkUY8NakIJjdy6mv6C1lM/Jkn3IuaeS9MXesA==",
        "dependencies": {
          "Microsoft.IdentityModel.Abstractions": "8.12.0"
        }
      },
      "Microsoft.Playwright": {
        "type": "Transitive",
        "resolved": "1.46.0",
        "contentHash": "hf7eInNevQTFGdrq+iJI0ddUyvEDu0ENMw4eoCxiwsMaCsvhJ0/E8rHrCBFrc2JoUh2BQuASQYagToy7XvyQFA==",
        "dependencies": {
          "Microsoft.Bcl.AsyncInterfaces": "6.0.0",
          "System.ComponentModel.Annotations": "5.0.0"
        }
      },
      "Microsoft.Playwright.TestAdapter": {
        "type": "Transitive",
        "resolved": "1.46.0",
        "contentHash": "BDKbbvw4XwpvTlSHYb4YeVImN+kf/mLu9CfKls/giRKMyKNdo0qqJnX2JONQ3uI0hCqPt2gjflBMrrxaJgLkNA==",
        "dependencies": {
          "Microsoft.Playwright": "1.46.0",
          "Microsoft.TestPlatform.ObjectModel": "17.3.0"
        }
      },
      "Microsoft.TestPlatform.ObjectModel": {
        "type": "Transitive",
        "resolved": "17.11.1",
        "contentHash": "E2jZqAU6JeWEVsyOEOrSW1o1bpHLgb25ypvKNB/moBXPVsFYBPd/Jwi7OrYahG50J83LfHzezYI+GaEkpAotiA=="
      },
      "Microsoft.TestPlatform.TestHost": {
        "type": "Transitive",
        "resolved": "17.11.1",
        "contentHash": "DnG+GOqJXO/CkoqlJWeDFTgPhqD/V6VqUIL3vINizCWZ3X+HshCtbbyDdSHQQEjrc2Sl/K3yaxX6s+5LFEdYuw==",
        "dependencies": {
          "Microsoft.TestPlatform.ObjectModel": "17.11.1",
          "Newtonsoft.Json": "13.0.1"
        }
      },
      "Newtonsoft.Json": {
        "type": "Transitive",
        "resolved": "13.0.1",
        "contentHash": "ppPFpBcvxdsfUonNcvITKqLl3bqxWbDCZIzDWHzjpdAHRFfZe0Dw9HmA0+za13IdyrgJwpkDTDA9fHaxOrt20A=="
      },
      "Reqnroll.Tools.MsBuild.Generation": {
        "type": "Transitive",
        "resolved": "2.1.0",
        "contentHash": "3RRbCQRriNbSsS1O4xI38NGMssA89sDgxG6NAPE4j4QkscmsStl+M015raIb3dGWMxkZ/1o4oYcL/HQG4sJpGQ==",
        "dependencies": {
          "Reqnroll": "[2.1.0]"
        }
      },
      "SpecFlow.Internal.Json": {
        "type": "Transitive",
        "resolved": "1.0.8",
        "contentHash": "lVCC/Rie7N5rFoc7YxPS0nneLfsWSTIMMlkndwxhaD8MxBp3Bsv1HeiVjVwXCjWaQeoqZcvIy52fF5Xit00ZLw=="
      },
      "System.ComponentModel.Annotations": {
        "type": "Transitive",
        "resolved": "5.0.0",
        "contentHash": "dMkqfy2el8A8/I76n2Hi1oBFEbG1SfxD2l5nhwXV3XjlnOmwxJlQbYpJH4W51odnU9sARCSAgv7S3CyAFMkpYg=="
      },
      "System.Configuration.ConfigurationManager": {
        "type": "Transitive",
        "resolved": "4.4.0",
        "contentHash": "gWwQv/Ug1qWJmHCmN17nAbxJYmQBM/E94QxKLksvUiiKB1Ld3Sc/eK1lgmbSjDFxkQhVuayI/cGFZhpBSodLrg==",
        "dependencies": {
          "System.Security.Cryptography.ProtectedData": "4.4.0"
        }
      },
      "System.Security.Cryptography.ProtectedData": {
        "type": "Transitive",
        "resolved": "4.4.0",
        "contentHash": "cJV7ScGW7EhatRsjehfvvYVBvtiSMKgN8bOVI0bQhnF5bU7vnHVIsH49Kva7i7GWaWYvmEzkYVk1TC+gZYBEog=="
      },
      "Microsoft.Extensions.DependencyInjection.Abstractions": {
        "type": "CentralTransitive",
        "requested": "[10.0.1, )",
        "resolved": "8.0.0",
        "contentHash": "cjWrLkJXK0rs4zofsK4bSdg+jhDLTaxrkXu4gS6Y7MAlCvRyNNgwY/lJi5RDlQOnSZweHqoyvgvbdvQsRIW+hg=="
      },
      "Microsoft.Extensions.Logging.Abstractions": {
        "type": "CentralTransitive",
        "requested": "[10.0.1, )",
        "resolved": "8.0.0",
        "contentHash": "arDBqTgFCyS0EvRV7O3MZturChstm50OJ0y9bDJvAcmEPJm0FFpFyjU/JLYyStNGGey081DvnQYlncNX5SJJGA==",
        "dependencies": {
          "Microsoft.Extensions.DependencyInjection.Abstractions": "8.0.0"
        }
      },
      "Microsoft.IdentityModel.Protocols.OpenIdConnect": {
        "type": "CentralTransitive",
        "requested": "[8.12.0, )",
        "resolved": "8.0.1",
        "contentHash": "AQDbfpL+yzuuGhO/mQhKNsp44pm5Jv8/BI4KiFXR7beVGZoSH35zMV3PrmcfvSTsyI6qrcR898NzUauD6SRigg==",
        "dependencies": {
          "Microsoft.IdentityModel.Protocols": "8.0.1",
          "System.IdentityModel.Tokens.Jwt": "8.0.1"
        }
      },
      "Microsoft.IdentityModel.Tokens": {
        "type": "CentralTransitive",
        "requested": "[8.12.0, )",
        "resolved": "8.12.0",
        "contentHash": "WCU3wv5sioX5hhp3oHw8sCdygnfZJtRKJGCg+AckP6nbp0QGKK3VohTrxIF0dpuziLAPg57CPfS9X8UERroKxA==",
        "dependencies": {
          "Microsoft.Extensions.Logging.Abstractions": "8.0.0",
          "Microsoft.IdentityModel.Logging": "8.12.0"
        }
      }
    }
  }
}